<?xml version="1.0" encoding="utf-8"?>
<Project ToolsVersion="4.0" xmlns="http://schemas.microsoft.com/developer/msbuild/2003">
  <ItemGroup>
    <Filter Include="Source Files">
      <UniqueIdentifier>{4FC737F1-C7A5-4376-A066-2A32D752A2FF}</UniqueIdentifier>
      <Extensions>cpp;c;cc;cxx;def;odl;idl;hpj;bat;asm;asmx</Extensions>
    </Filter>
    <Filter Include="Header Files">
      <UniqueIdentifier>{93995380-89BD-4b04-88EB-625FBE52EBFB}</UniqueIdentifier>
      <Extensions>h;hpp;hxx;hm;inl;inc;xsd</Extensions>
    </Filter>
  </ItemGroup>
  <ItemGroup>
    <ClInclude Include="..\inc\btAlignedAllocator.h">
      <Filter>Header Files</Filter>
    </ClInclude>
    <ClInclude Include="..\inc\btAlignedObjectArray.h">
      <Filter>Header Files</Filter>
    </ClInclude>
    <ClInclude Include="..\inc\btConvexHullComputer.h">
      <Filter>Header Files</Filter>
    </ClInclude>
    <ClInclude Include="..\inc\btMinMax.h">
      <Filter>Header Files</Filter>
    </ClInclude>
    <ClInclude Include="..\inc\btScalar.h">
      <Filter>Header Files</Filter>
    </ClInclude>
    <ClInclude Include="..\inc\btVector3.h">
      <Filter>Header Files</Filter>
    </ClInclude>
    <ClInclude Include="..\inc\kdtree.h">
      <Filter>Header Files</Filter>
    </ClInclude>
    <ClInclude Include="..\inc\vhacdGraph.h">
      <Filter>Header Files</Filter>
    </ClInclude>
    <ClInclude Include="..\inc\vhacdHACD.h">
      <Filter>Header Files</Filter>
    </ClInclude>
    <ClInclude Include="..\inc\vhacdMaterial.h">
      <Filter>Header Files</Filter>
    </ClInclude>
    <ClInclude Include="..\inc\vhacdMesh.h">
      <Filter>Header Files</Filter>
    </ClInclude>
    <ClInclude Include="..\inc\vhacdMeshDecimator.h">
      <Filter>Header Files</Filter>
    </ClInclude>
    <ClInclude Include="..\inc\vhacdSArray.h">
      <Filter>Header Files</Filter>
    </ClInclude>
    <ClInclude Include="..\inc\vhacdVector.h">
      <Filter>Header Files</Filter>
    </ClInclude>
    <ClInclude Include="..\inc\vhacdVersion.h">
      <Filter>Header Files</Filter>
    </ClInclude>
    <ClInclude Include="wrapper.h">
      <Filter>Source Files</Filter>
    </ClInclude>
  </ItemGroup>
  <ItemGroup>
    <None Include="..\inc\vhacdVector.inl">
      <Filter>Header Files</Filter>
    </None>
  </ItemGroup>
  <ItemGroup>
    <ClCompile Include="..\src\btAlignedAllocator.cpp">
      <Filter>Source Files</Filter>
    </ClCompile>
    <ClCompile Include="..\src\btConvexHullComputer.cpp">
      <Filter>Source Files</Filter>
    </ClCompile>
    <ClCompile Include="..\src\kdtree.c">
      <Filter>Source Files</Filter>
    </ClCompile>
    <ClCompile Include="..\src\vhacdGraph.cpp">
      <Filter>Source Files</Filter>
    </ClCompile>
    <ClCompile Include="..\src\vhacdHACD.cpp">
      <Filter>Source Files</Filter>
    </ClCompile>
    <ClCompile Include="..\src\vhacdMesh.cpp">
      <Filter>Source Files</Filter>
    </ClCompile>
    <ClCompile Include="..\src\vhacdMeshDecimator.cpp">
      <Filter>Source Files</Filter>
    </ClCompile>
    <ClCompile Include="wrapper.cpp">
      <Filter>Source Files</Filter>
    </ClCompile>
  </ItemGroup>
</Project>